
Microsoft Visual Studio Solution File, Format Version 12.00
# Visual Studio Version 16
VisualStudioVersion = 16.0.30413.136
MinimumVisualStudioVersion = 10.0.40219.1
Project("{8BC9CEB8-8B4A-11D0-8D11-00A0C91BC942}") = "lexer", "lexer\lexer.vcxproj", "{EF79A05C-BA94-4F41-A11C-E1D1329CDFEC}"
EndProject
Project("{8BC9CEB8-8B4A-11D0-8D11-00A0C91BC942}") = "SintAnalisator", "SintAnalisator\SintAnalisator.vcxproj", "{2B411E26-E7D5-43AD-BD57-513FA10A181D}"
EndProject
Project("{8BC9CEB8-8B4A-11D0-8D11-00A0C91BC942}") = "ExeSyntAn", "ExeSyntAn\ExeSyntAn.vcxproj", "{73B54557-079D-456E-91BA-7BF59B8DB7E0}"
EndProject
Project("{8BC9CEB8-8B4A-11D0-8D11-00A0C91BC942}") = "ExeLexer", "ExeLexer\Project1.vcxproj", "{DFDE22F1-F55E-44EF-B593-364C8BDE4AEB}"
EndProject
Project("{8BC9CEB8-8B4A-11D0-8D11-00A0C91BC942}") = "Sample-Test1", "TestsLexer\Sample-Test1.vcxproj", "{0525B112-E119-4E43-A5C9-B800270AB6EA}"
EndProject
Global
	GlobalSection(SolutionConfigurationPlatforms) = preSolution
		Debug|x64 = Debug|x64
		Debug|x86 = Debug|x86
		Release|x64 = Release|x64
		Release|x86 = Release|x86
	EndGlobalSection
	GlobalSection(ProjectConfigurationPlatforms) = postSolution
		{EF79A05C-BA94-4F41-A11C-E1D1329CDFEC}.Debug|x64.ActiveCfg = Debug|x64
		{EF79A05C-BA94-4F41-A11C-E1D1329CDFEC}.Debug|x64.Build.0 = Debug|x64
		{EF79A05C-BA94-4F41-A11C-E1D1329CDFEC}.Debug|x86.ActiveCfg = Debug|Win32
		{EF79A05C-BA94-4F41-A11C-E1D1329CDFEC}.Debug|x86.Build.0 = Debug|Win32
		{EF79A05C-BA94-4F41-A11C-E1D1329CDFEC}.Release|x64.ActiveCfg = Release|x64
		{EF79A05C-BA94-4F41-A11C-E1D1329CDFEC}.Release|x64.Build.0 = Release|x64
		{EF79A05C-BA94-4F41-A11C-E1D1329CDFEC}.Release|x86.ActiveCfg = Release|Win32
		{EF79A05C-BA94-4F41-A11C-E1D1329CDFEC}.Release|x86.Build.0 = Release|Win32
		{2B411E26-E7D5-43AD-BD57-513FA10A181D}.Debug|x64.ActiveCfg = Debug|x64
		{2B411E26-E7D5-43AD-BD57-513FA10A181D}.Debug|x64.Build.0 = Debug|x64
		{2B411E26-E7D5-43AD-BD57-513FA10A181D}.Debug|x86.ActiveCfg = Debug|Win32
		{2B411E26-E7D5-43AD-BD57-513FA10A181D}.Debug|x86.Build.0 = Debug|Win32
		{2B411E26-E7D5-43AD-BD57-513FA10A181D}.Release|x64.ActiveCfg = Release|x64
		{2B411E26-E7D5-43AD-BD57-513FA10A181D}.Release|x64.Build.0 = Release|x64
		{2B411E26-E7D5-43AD-BD57-513FA10A181D}.Release|x86.ActiveCfg = Release|Win32
		{2B411E26-E7D5-43AD-BD57-513FA10A181D}.Release|x86.Build.0 = Release|Win32
		{73B54557-079D-456E-91BA-7BF59B8DB7E0}.Debug|x64.ActiveCfg = Debug|x64
		{73B54557-079D-456E-91BA-7BF59B8DB7E0}.Debug|x64.Build.0 = Debug|x64
		{73B54557-079D-456E-91BA-7BF59B8DB7E0}.Debug|x86.ActiveCfg = Debug|Win32
		{73B54557-079D-456E-91BA-7BF59B8DB7E0}.Debug|x86.Build.0 = Debug|Win32
		{73B54557-079D-456E-91BA-7BF59B8DB7E0}.Release|x64.ActiveCfg = Release|x64
		{73B54557-079D-456E-91BA-7BF59B8DB7E0}.Release|x64.Build.0 = Release|x64
		{73B54557-079D-456E-91BA-7BF59B8DB7E0}.Release|x86.ActiveCfg = Release|Win32
		{73B54557-079D-456E-91BA-7BF59B8DB7E0}.Release|x86.Build.0 = Release|Win32
		{DFDE22F1-F55E-44EF-B593-364C8BDE4AEB}.Debug|x64.ActiveCfg = Debug|x64
		{DFDE22F1-F55E-44EF-B593-364C8BDE4AEB}.Debug|x64.Build.0 = Debug|x64
		{DFDE22F1-F55E-44EF-B593-364C8BDE4AEB}.Debug|x86.ActiveCfg = Debug|Win32
		{DFDE22F1-F55E-44EF-B593-364C8BDE4AEB}.Debug|x86.Build.0 = Debug|Win32
		{DFDE22F1-F55E-44EF-B593-364C8BDE4AEB}.Release|x64.ActiveCfg = Release|x64
		{DFDE22F1-F55E-44EF-B593-364C8BDE4AEB}.Release|x64.Build.0 = Release|x64
		{DFDE22F1-F55E-44EF-B593-364C8BDE4AEB}.Release|x86.ActiveCfg = Release|Win32
		{DFDE22F1-F55E-44EF-B593-364C8BDE4AEB}.Release|x86.Build.0 = Release|Win32
		{0525B112-E119-4E43-A5C9-B800270AB6EA}.Debug|x64.ActiveCfg = Debug|x64
		{0525B112-E119-4E43-A5C9-B800270AB6EA}.Debug|x64.Build.0 = Debug|x64
		{0525B112-E119-4E43-A5C9-B800270AB6EA}.Debug|x86.ActiveCfg = Debug|Win32
		{0525B112-E119-4E43-A5C9-B800270AB6EA}.Debug|x86.Build.0 = Debug|Win32
		{0525B112-E119-4E43-A5C9-B800270AB6EA}.Release|x64.ActiveCfg = Release|x64
		{0525B112-E119-4E43-A5C9-B800270AB6EA}.Release|x64.Build.0 = Release|x64
		{0525B112-E119-4E43-A5C9-B800270AB6EA}.Release|x86.ActiveCfg = Release|Win32
		{0525B112-E119-4E43-A5C9-B800270AB6EA}.Release|x86.Build.0 = Release|Win32
	EndGlobalSection
	GlobalSection(SolutionProperties) = preSolution
		HideSolutionNode = FALSE
	EndGlobalSection
	GlobalSection(ExtensibilityGlobals) = postSolution
		SolutionGuid = {7A95E5EC-0FA8-4F01-BCD5-0C8C5D3F0F1A}
	EndGlobalSection
EndGlobal
